// !$*UTF8*$!
{
	archiveVersion = 1;
	classes = {
	};
	objectVersion = 46;
	objects = {
/* Begin PBXBuildFile section */
		01FE61DA53894105861B6AF6 /* AdSupport.framework in Frameworks */ = {isa = PBXBuildFile; fileRef = 00F5DA2698434344841BC063 /* AdSupport.framework */; settings = {ATTRIBUTES = (Weak, ); }; };
		0811E8FFD0A6425F894DFE28 /* zxing-all-in-one.cpp in Sources */ = {isa = PBXBuildFile; fileRef = 8C6A6F91EF71402D9D87EF0D /* zxing-all-in-one.cpp */; };
		0818593D150C43B798E412F4 /* CDVBarcodeScanner.mm in Sources */ = {isa = PBXBuildFile; fileRef = B808AB269BDA429792B67145 /* CDVBarcodeScanner.mm */; settings = {COMPILER_FLAGS = "-fno-objc-arc"; }; };
		0F12210A8B8B476AA086AF1C /* CDVNotification.m in Sources */ = {isa = PBXBuildFile; fileRef = 74969FBE39944047A6F461FB /* CDVNotification.m */; };
		1266A20F00F54804B5C65256 /* AppPreferences.m in Sources */ = {isa = PBXBuildFile; fileRef = BBCBE301BBE14627928BBEB1 /* AppPreferences.m */; };
		15736CB9168246BF9F10B20D /* CDVClipboard.m in Sources */ = {isa = PBXBuildFile; fileRef = E230008515E24D27984DB92F /* CDVClipboard.m */; };
		1AED84C29E404675ADEBDDB5 /* AudioToolbox.framework in Frameworks */ = {isa = PBXBuildFile; fileRef = 8A0069C4A3614C9DBA74BB95 /* AudioToolbox.framework */; settings = {ATTRIBUTES = (Weak, ); }; };
		1D3623260D0F684500981E51 /* AppDelegate.m in Sources */ = {isa = PBXBuildFile; fileRef = 1D3623250D0F684500981E51 /* AppDelegate.m */; };
		1D60589B0D05DD56006BFB54 /* main.m in Sources */ = {isa = PBXBuildFile; fileRef = 29B97316FDCFA39411CA2CEA /* main.m */; };
		1F766FE113BBADB100FB74C0 /* Localizable.strings in Resources */ = {isa = PBXBuildFile; fileRef = 1F766FDC13BBADB100FB74C0 /* Localizable.strings */; };
		2634FF6BF611426DB2A39B31 /* Accounts.framework in Frameworks */ = {isa = PBXBuildFile; fileRef = 65E389DF0BBE4A5B8840C356 /* Accounts.framework */; settings = {ATTRIBUTES = (Weak, ); }; };
		27B9351DAAE14DAFB5EE6EDB /* scannerOverlay.xib in Resources */ = {isa = PBXBuildFile; fileRef = B2456C008D0044BD85F1A812 /* scannerOverlay.xib */; };
		288765FD0DF74451002DB57D /* CoreGraphics.framework in Frameworks */ = {isa = PBXBuildFile; fileRef = 288765FC0DF74451002DB57D /* CoreGraphics.framework */; };
		301BF552109A68D80062928A /* libCordova.a in Frameworks */ = {isa = PBXBuildFile; fileRef = 301BF535109A57CC0062928A /* libCordova.a */; };
		302D95F114D2391D003F00A1 /* MainViewController.m in Sources */ = {isa = PBXBuildFile; fileRef = 302D95EF14D2391D003F00A1 /* MainViewController.m */; };
		302D95F214D2391D003F00A1 /* MainViewController.xib in Resources */ = {isa = PBXBuildFile; fileRef = 302D95F014D2391D003F00A1 /* MainViewController.xib */; };
		305D5FD1115AB8F900A74A75 /* MobileCoreServices.framework in Frameworks */ = {isa = PBXBuildFile; fileRef = 305D5FD0115AB8F900A74A75 /* MobileCoreServices.framework */; };
		3088BBBD154F3926009F9C59 /* Default-Landscape@2x~ipad.png in Resources */ = {isa = PBXBuildFile; fileRef = 3088BBB7154F3926009F9C59 /* Default-Landscape@2x~ipad.png */; };
		3088BBBE154F3926009F9C59 /* Default-Landscape~ipad.png in Resources */ = {isa = PBXBuildFile; fileRef = 3088BBB8154F3926009F9C59 /* Default-Landscape~ipad.png */; };
		3088BBBF154F3926009F9C59 /* Default-Portrait@2x~ipad.png in Resources */ = {isa = PBXBuildFile; fileRef = 3088BBB9154F3926009F9C59 /* Default-Portrait@2x~ipad.png */; };
		3088BBC0154F3926009F9C59 /* Default-Portrait~ipad.png in Resources */ = {isa = PBXBuildFile; fileRef = 3088BBBA154F3926009F9C59 /* Default-Portrait~ipad.png */; };
		3088BBC1154F3926009F9C59 /* Default@2x~iphone.png in Resources */ = {isa = PBXBuildFile; fileRef = 3088BBBB154F3926009F9C59 /* Default@2x~iphone.png */; };
		3088BBC2154F3926009F9C59 /* Default~iphone.png in Resources */ = {isa = PBXBuildFile; fileRef = 3088BBBC154F3926009F9C59 /* Default~iphone.png */; };
		308D05371370CCF300D202BF /* icon-72.png in Resources */ = {isa = PBXBuildFile; fileRef = 308D052E1370CCF300D202BF /* icon-72.png */; };
		308D05381370CCF300D202BF /* icon.png in Resources */ = {isa = PBXBuildFile; fileRef = 308D052F1370CCF300D202BF /* icon.png */; };
		308D05391370CCF300D202BF /* icon@2x.png in Resources */ = {isa = PBXBuildFile; fileRef = 308D05301370CCF300D202BF /* icon@2x.png */; };
		30A0434814DC770100060A13 /* Localizable.strings in Resources */ = {isa = PBXBuildFile; fileRef = 30A0434314DC770100060A13 /* Localizable.strings */; };
		30FC414916E50CA1004E6F35 /* icon-72@2x.png in Resources */ = {isa = PBXBuildFile; fileRef = 30FC414816E50CA1004E6F35 /* icon-72@2x.png */; };
		3AF7D63CC7E74CC8A9AD96C1 /* FacebookSDK.framework in Frameworks */ = {isa = PBXBuildFile; fileRef = C08118C9DEDA495D890E7D7E /* FacebookSDK.framework */; };
		4FEBAA674EB548C9B5BC53E5 /* CDVConnection.m in Sources */ = {isa = PBXBuildFile; fileRef = 007D07BF2A614F2F8AFD272D /* CDVConnection.m */; };
		5AEE5B35173C68D80009041E /* CoreLocation.framework in Frameworks */ = {isa = PBXBuildFile; fileRef = 5AEE5B34173C68D80009041E /* CoreLocation.framework */; };
		5B1594DD16A7569C00FEF299 /* AssetsLibrary.framework in Frameworks */ = {isa = PBXBuildFile; fileRef = 5B1594DC16A7569C00FEF299 /* AssetsLibrary.framework */; };
		600E1DB30DB94BFBA25D763D /* CDVReachability.m in Sources */ = {isa = PBXBuildFile; fileRef = 048DB7C9E7104169BF2D91BB /* CDVReachability.m */; };
		7AF42EF7F73542669C74DF10 /* AVFoundation.framework in Frameworks */ = {isa = PBXBuildFile; fileRef = 5EABA4CD232A4AD1AE9EDD9B /* AVFoundation.framework */; };
		7E7966DE1810823500FA85AD /* icon-40.png in Resources */ = {isa = PBXBuildFile; fileRef = 7E7966D41810823500FA85AD /* icon-40.png */; };
		7E7966DF1810823500FA85AD /* icon-40@2x.png in Resources */ = {isa = PBXBuildFile; fileRef = 7E7966D51810823500FA85AD /* icon-40@2x.png */; };
		7E7966E01810823500FA85AD /* icon-50.png in Resources */ = {isa = PBXBuildFile; fileRef = 7E7966D61810823500FA85AD /* icon-50.png */; };
		7E7966E11810823500FA85AD /* icon-50@2x.png in Resources */ = {isa = PBXBuildFile; fileRef = 7E7966D71810823500FA85AD /* icon-50@2x.png */; };
		7E7966E21810823500FA85AD /* icon-60.png in Resources */ = {isa = PBXBuildFile; fileRef = 7E7966D81810823500FA85AD /* icon-60.png */; };
		7E7966E31810823500FA85AD /* icon-60@2x.png in Resources */ = {isa = PBXBuildFile; fileRef = 7E7966D91810823500FA85AD /* icon-60@2x.png */; };
		7E7966E41810823500FA85AD /* icon-76.png in Resources */ = {isa = PBXBuildFile; fileRef = 7E7966DA1810823500FA85AD /* icon-76.png */; };
		7E7966E51810823500FA85AD /* icon-76@2x.png in Resources */ = {isa = PBXBuildFile; fileRef = 7E7966DB1810823500FA85AD /* icon-76@2x.png */; };
		7E7966E61810823500FA85AD /* icon-small.png in Resources */ = {isa = PBXBuildFile; fileRef = 7E7966DC1810823500FA85AD /* icon-small.png */; };
		7E7966E71810823500FA85AD /* icon-small@2x.png in Resources */ = {isa = PBXBuildFile; fileRef = 7E7966DD1810823500FA85AD /* icon-small@2x.png */; };
		837428699ADE4D1B86353DF5 /* CoreVideo.framework in Frameworks */ = {isa = PBXBuildFile; fileRef = 7C7097F5FE20452588C58844 /* CoreVideo.framework */; };
		8B0F8C1216B24954837F5304 /* CDVNotification.bundle in Resources */ = {isa = PBXBuildFile; fileRef = D475D1ED4932463684D28A01 /* CDVNotification.bundle */; };
		948DE0BDF62C4370AE3A3387 /* CDVVibration.m in Sources */ = {isa = PBXBuildFile; fileRef = 8270DAAC72674DBDA47D29E4 /* CDVVibration.m */; };
		9E6C325D19C78780001D7C62 /* CDVAES.m in Sources */ = {isa = PBXBuildFile; fileRef = 7471C2DB70894685A32350FA /* CDVAES.m */; };
		9E6C325E19C78780001D7C62 /* CDVBIP32.m in Sources */ = {isa = PBXBuildFile; fileRef = 5EF5EC71498F41BC8100C212 /* CDVBIP32.m */; };
		9E6C325F19C78780001D7C62 /* CDVBIP39.m in Sources */ = {isa = PBXBuildFile; fileRef = A0D70C7BCD404774B19BA34F /* CDVBIP39.m */; };
		9E6C326019C78780001D7C62 /* CDVBIP38.m in Sources */ = {isa = PBXBuildFile; fileRef = 5310F73AB6EB46B398E51B4F /* CDVBIP38.m */; };
		9E6C326119C78780001D7C62 /* crypto_scrypt-neon.c in Sources */ = {isa = PBXBuildFile; fileRef = 2B54A6EA556D44D2AFE7255A /* crypto_scrypt-neon.c */; };
		9E6C326219C78780001D7C62 /* crypto_scrypt-sse.c in Sources */ = {isa = PBXBuildFile; fileRef = 30E05CA194BE44E58A1AD491 /* crypto_scrypt-sse.c */; };
		9E6C326319C78780001D7C62 /* CDVECDSA.m in Sources */ = {isa = PBXBuildFile; fileRef = 17DAF6B6A2D6438F889770EB /* CDVECDSA.m */; };
		9E6C326419C78795001D7C62 /* CoreBitcoin.framework in Frameworks */ = {isa = PBXBuildFile; fileRef = F2E53F49FAB74F3FB310A29A /* CoreBitcoin.framework */; };
		9E6C326519C787A7001D7C62 /* Security.framework in Frameworks */ = {isa = PBXBuildFile; fileRef = ACE60D7449E941D4AFE2A8F3 /* Security.framework */; };
		9E6C326619C787F9001D7C62 /* bip38.m in Sources */ = {isa = PBXBuildFile; fileRef = E06F6098BD8141299F2AC747 /* bip38.m */; };
		9E6C326719C787F9001D7C62 /* sha256.c in Sources */ = {isa = PBXBuildFile; fileRef = 8499676E68D44CE99E3ACF27 /* sha256.c */; };
		9E93E00F195CE22700494A83 /* XCTest.framework in Frameworks */ = {isa = PBXBuildFile; fileRef = 9E93E00E195CE22700494A83 /* XCTest.framework */; };
		9E93E011195CE22700494A83 /* Foundation.framework in Frameworks */ = {isa = PBXBuildFile; fileRef = 9E93E010195CE22700494A83 /* Foundation.framework */; };
		9E93E013195CE22700494A83 /* UIKit.framework in Frameworks */ = {isa = PBXBuildFile; fileRef = 9E93E012195CE22700494A83 /* UIKit.framework */; };
		9E93E019195CE22700494A83 /* InfoPlist.strings in Resources */ = {isa = PBXBuildFile; fileRef = 9E93E017195CE22700494A83 /* InfoPlist.strings */; };
		9E93E025195CE2BE00494A83 /* BIP38Vectors.m in Sources */ = {isa = PBXBuildFile; fileRef = 9E93E024195CE2BE00494A83 /* BIP38Vectors.m */; };
		9E93E026195CE31000494A83 /* CoreLocation.framework in Frameworks */ = {isa = PBXBuildFile; fileRef = 5AEE5B34173C68D80009041E /* CoreLocation.framework */; };
		9E93E027195CE31000494A83 /* AssetsLibrary.framework in Frameworks */ = {isa = PBXBuildFile; fileRef = 5B1594DC16A7569C00FEF299 /* AssetsLibrary.framework */; };
		9E93E028195CE31000494A83 /* CoreGraphics.framework in Frameworks */ = {isa = PBXBuildFile; fileRef = 288765FC0DF74451002DB57D /* CoreGraphics.framework */; };
		9E93E029195CE31000494A83 /* MobileCoreServices.framework in Frameworks */ = {isa = PBXBuildFile; fileRef = 305D5FD0115AB8F900A74A75 /* MobileCoreServices.framework */; };
		9E93E02A195CE31000494A83 /* libiconv.dylib in Frameworks */ = {isa = PBXBuildFile; fileRef = 33922329B1144C9AB9A89879 /* libiconv.dylib */; };
		9E93E02B195CE31000494A83 /* AVFoundation.framework in Frameworks */ = {isa = PBXBuildFile; fileRef = 5EABA4CD232A4AD1AE9EDD9B /* AVFoundation.framework */; };
		9E93E02C195CE31000494A83 /* CoreVideo.framework in Frameworks */ = {isa = PBXBuildFile; fileRef = 7C7097F5FE20452588C58844 /* CoreVideo.framework */; };
		9E93E02D195CE31000494A83 /* QuartzCore.framework in Frameworks */ = {isa = PBXBuildFile; fileRef = 2991AE6E90BE40EAB97012F4 /* QuartzCore.framework */; };
		9E93E02E195CE31000494A83 /* AudioToolbox.framework in Frameworks */ = {isa = PBXBuildFile; fileRef = 8A0069C4A3614C9DBA74BB95 /* AudioToolbox.framework */; };
		9E93E02F195CE31000494A83 /* SystemConfiguration.framework in Frameworks */ = {isa = PBXBuildFile; fileRef = C0C4FE0E341E4C31AEDA54BE /* SystemConfiguration.framework */; };
		A718F0D6F1BC49D2B1AC0432 /* QuartzCore.framework in Frameworks */ = {isa = PBXBuildFile; fileRef = 2991AE6E90BE40EAB97012F4 /* QuartzCore.framework */; };
		B6DD9A0211B44F7B844E64D2 /* CDVSplashScreen.m in Sources */ = {isa = PBXBuildFile; fileRef = D73632D321B2411599165DD8 /* CDVSplashScreen.m */; };
		CB3774020AC94EE3A690AA03 /* Social.framework in Frameworks */ = {isa = PBXBuildFile; fileRef = F56EC949F3F24E03B907FB5E /* Social.framework */; settings = {ATTRIBUTES = (Weak, ); }; };
		D4A0D8761607E02300AEF8BB /* Default-568h@2x~iphone.png in Resources */ = {isa = PBXBuildFile; fileRef = D4A0D8751607E02300AEF8BB /* Default-568h@2x~iphone.png */; };
		DB766CAE8E684AFA8AB1A8E4 /* CDVInAppBrowser.m in Sources */ = {isa = PBXBuildFile; fileRef = EE6248A4C8704CAA8E56C0CD /* CDVInAppBrowser.m */; };
		DCD333EAEB0941888B53EEAA /* libiconv.dylib in Frameworks */ = {isa = PBXBuildFile; fileRef = 33922329B1144C9AB9A89879 /* libiconv.dylib */; };
		E6DA89AEB06C4B75AE1FB9B9 /* SystemConfiguration.framework in Frameworks */ = {isa = PBXBuildFile; fileRef = C0C4FE0E341E4C31AEDA54BE /* SystemConfiguration.framework */; settings = {ATTRIBUTES = (Weak, ); }; };
		EBA98E79A32843689008FFFA /* FacebookConnectPlugin.m in Sources */ = {isa = PBXBuildFile; fileRef = 0C64A6675A9E4AECB36018DC /* FacebookConnectPlugin.m */; };
		FB8B16714F444FD2B12B7173 /* libsqlite3.dylib in Frameworks */ = {isa = PBXBuildFile; fileRef = DA7BDEEE039440229B011F9E /* libsqlite3.dylib */; };
		C6CB508BC01B429786A9A06B /* CDVFile.m in Sources */ = {isa = PBXBuildFile; fileRef = 6B74A06C686B45F683EF6A89 /* CDVFile.m */; };
		71821D94D33E41F88DA0BDEE /* CDVLocalFilesystem.m in Sources */ = {isa = PBXBuildFile; fileRef = 4FD65C1D42374AB8A23751F5 /* CDVLocalFilesystem.m */; };
		E8B17EE099A9451D89EB0B9A /* CDVAssetLibraryFilesystem.m in Sources */ = {isa = PBXBuildFile; fileRef = 7C7CEB6A7C734C4DB2E182AB /* CDVAssetLibraryFilesystem.m */; };
		123331E1ACB54F67A7844F6C /* CDVSound.m in Sources */ = {isa = PBXBuildFile; fileRef = C9FF3007EC5B40E28E86F41F /* CDVSound.m */; };
/* End PBXBuildFile section */

/* Begin PBXContainerItemProxy section */
		301BF534109A57CC0062928A /* PBXContainerItemProxy */ = {
			isa = PBXContainerItemProxy;
			containerPortal = 301BF52D109A57CC0062928A /* CordovaLib.xcodeproj */;
			proxyType = 2;
			remoteGlobalIDString = D2AAC07E0554694100DB518D;
			remoteInfo = CordovaLib;
		};
		301BF550109A68C00062928A /* PBXContainerItemProxy */ = {
			isa = PBXContainerItemProxy;
			containerPortal = 301BF52D109A57CC0062928A /* CordovaLib.xcodeproj */;
			proxyType = 1;
			remoteGlobalIDString = D2AAC07D0554694100DB518D;
			remoteInfo = CordovaLib;
		};
		9EE3910E195E362300946C17 /* PBXContainerItemProxy */ = {
			isa = PBXContainerItemProxy;
			containerPortal = 29B97313FDCFA39411CA2CEA /* Project object */;
			proxyType = 1;
			remoteGlobalIDString = 1D6058900D05DD3D006BFB54;
			remoteInfo = GreenAddress;
		};
		9EE39110195E362E00946C17 /* PBXContainerItemProxy */ = {
			isa = PBXContainerItemProxy;
			containerPortal = 29B97313FDCFA39411CA2CEA /* Project object */;
			proxyType = 1;
			remoteGlobalIDString = 1D6058900D05DD3D006BFB54;
			remoteInfo = GreenAddress;
		};
		9EE39112195E364200946C17 /* PBXContainerItemProxy */ = {
			isa = PBXContainerItemProxy;
			containerPortal = 29B97313FDCFA39411CA2CEA /* Project object */;
			proxyType = 1;
			remoteGlobalIDString = 1D6058900D05DD3D006BFB54;
			remoteInfo = GreenAddress;
		};
/* End PBXContainerItemProxy section */

/* Begin PBXFileReference section */
		007D07BF2A614F2F8AFD272D /* CDVConnection.m */ = {isa = PBXFileReference; fileEncoding = 4; lastKnownFileType = sourcecode.c.objc; name = CDVConnection.m; path = "org.apache.cordova.network-information/CDVConnection.m"; sourceTree = "<group>"; };
		00F5DA2698434344841BC063 /* AdSupport.framework */ = {isa = PBXFileReference; fileEncoding = 4; lastKnownFileType = wrapper.framework; name = AdSupport.framework; path = System/Library/Frameworks/AdSupport.framework; sourceTree = SDKROOT; };
		024C6C45F99B4E1D94B3C71D /* AppPreferences.h */ = {isa = PBXFileReference; fileEncoding = 4; lastKnownFileType = sourcecode.c.h; name = AppPreferences.h; path = "me.apla.cordova.app-preferences/AppPreferences.h"; sourceTree = "<group>"; };
		04036CA516434DE99351E662 /* crypto_scrypt-neon-salsa208.h */ = {isa = PBXFileReference; fileEncoding = 4; lastKnownFileType = sourcecode.c.h; name = "crypto_scrypt-neon-salsa208.h"; path = "it.greenaddress.cordova/bip38/include/crypto_scrypt-neon-salsa208.h"; sourceTree = "<group>"; };
		048DB7C9E7104169BF2D91BB /* CDVReachability.m */ = {isa = PBXFileReference; fileEncoding = 4; lastKnownFileType = sourcecode.c.objc; name = CDVReachability.m; path = "org.apache.cordova.network-information/CDVReachability.m"; sourceTree = "<group>"; };
		0C51DE6208F642E5B55A61ED /* CDVInAppBrowser.h */ = {isa = PBXFileReference; fileEncoding = 4; lastKnownFileType = sourcecode.c.h; name = CDVInAppBrowser.h; path = org.apache.cordova.inappbrowser/CDVInAppBrowser.h; sourceTree = "<group>"; };
		0C64A6675A9E4AECB36018DC /* FacebookConnectPlugin.m */ = {isa = PBXFileReference; fileEncoding = 4; lastKnownFileType = sourcecode.c.objc; name = FacebookConnectPlugin.m; path = com.phonegap.plugins.facebookconnect/FacebookConnectPlugin.m; sourceTree = "<group>"; };
		17DAF6B6A2D6438F889770EB /* CDVECDSA.m */ = {isa = PBXFileReference; fileEncoding = 4; lastKnownFileType = sourcecode.c.objc; name = CDVECDSA.m; path = it.greenaddress.cordova/CDVECDSA.m; sourceTree = "<group>"; };
		1D3623240D0F684500981E51 /* AppDelegate.h */ = {isa = PBXFileReference; fileEncoding = 4; lastKnownFileType = sourcecode.c.h; path = AppDelegate.h; sourceTree = "<group>"; };
		1D3623250D0F684500981E51 /* AppDelegate.m */ = {isa = PBXFileReference; fileEncoding = 4; lastKnownFileType = sourcecode.c.objc; path = AppDelegate.m; sourceTree = "<group>"; };
		1D6058910D05DD3D006BFB54 /* GreenAddress.app */ = {isa = PBXFileReference; explicitFileType = wrapper.application; includeInIndex = 0; path = GreenAddress.app; sourceTree = BUILT_PRODUCTS_DIR; };
		1F766FDD13BBADB100FB74C0 /* en */ = {isa = PBXFileReference; lastKnownFileType = text.plist.strings; name = en; path = Localizable.strings; sourceTree = "<group>"; };
		1F766FE013BBADB100FB74C0 /* es */ = {isa = PBXFileReference; lastKnownFileType = text.plist.strings; name = es; path = Localizable.strings; sourceTree = "<group>"; };
		21B6C8363D9946F987F080C3 /* sysendian.h */ = {isa = PBXFileReference; fileEncoding = 4; lastKnownFileType = sourcecode.c.h; name = sysendian.h; path = it.greenaddress.cordova/bip38/include/sysendian.h; sourceTree = "<group>"; };
		2750545B6224427699FF7F59 /* bip38.h */ = {isa = PBXFileReference; fileEncoding = 4; lastKnownFileType = sourcecode.c.h; name = bip38.h; path = it.greenaddress.cordova/bip38/bip38.h; sourceTree = "<group>"; };
		288765FC0DF74451002DB57D /* CoreGraphics.framework */ = {isa = PBXFileReference; lastKnownFileType = wrapper.framework; name = CoreGraphics.framework; path = System/Library/Frameworks/CoreGraphics.framework; sourceTree = SDKROOT; };
		2991AE6E90BE40EAB97012F4 /* QuartzCore.framework */ = {isa = PBXFileReference; fileEncoding = 4; lastKnownFileType = wrapper.framework; name = QuartzCore.framework; path = System/Library/Frameworks/QuartzCore.framework; sourceTree = SDKROOT; };
		29B97316FDCFA39411CA2CEA /* main.m */ = {isa = PBXFileReference; fileEncoding = 4; lastKnownFileType = sourcecode.c.objc; path = main.m; sourceTree = "<group>"; };
		2B54A6EA556D44D2AFE7255A /* crypto_scrypt-neon.c */ = {isa = PBXFileReference; fileEncoding = 4; lastKnownFileType = unknown; name = "crypto_scrypt-neon.c"; path = "it.greenaddress.cordova/bip38/c/crypto_scrypt-neon.c"; sourceTree = "<group>"; };
		2DD0B97488AD432A953A647E /* config.h */ = {isa = PBXFileReference; fileEncoding = 4; lastKnownFileType = sourcecode.c.h; name = config.h; path = it.greenaddress.cordova/bip38/include/config.h; sourceTree = "<group>"; };
		301BF52D109A57CC0062928A /* CordovaLib.xcodeproj */ = {isa = PBXFileReference; lastKnownFileType = "wrapper.pb-project"; name = CordovaLib.xcodeproj; path = CordovaLib/CordovaLib.xcodeproj; sourceTree = "<group>"; };
		301BF56E109A69640062928A /* www */ = {isa = PBXFileReference; lastKnownFileType = folder; path = www; sourceTree = SOURCE_ROOT; };
		302D95EE14D2391D003F00A1 /* MainViewController.h */ = {isa = PBXFileReference; fileEncoding = 4; lastKnownFileType = sourcecode.c.h; path = MainViewController.h; sourceTree = "<group>"; };
		302D95EF14D2391D003F00A1 /* MainViewController.m */ = {isa = PBXFileReference; fileEncoding = 4; lastKnownFileType = sourcecode.c.objc; path = MainViewController.m; sourceTree = "<group>"; };
		302D95F014D2391D003F00A1 /* MainViewController.xib */ = {isa = PBXFileReference; fileEncoding = 4; lastKnownFileType = file.xib; path = MainViewController.xib; sourceTree = "<group>"; };
		305D5FD0115AB8F900A74A75 /* MobileCoreServices.framework */ = {isa = PBXFileReference; lastKnownFileType = wrapper.framework; name = MobileCoreServices.framework; path = System/Library/Frameworks/MobileCoreServices.framework; sourceTree = SDKROOT; };
		3088BBB7154F3926009F9C59 /* Default-Landscape@2x~ipad.png */ = {isa = PBXFileReference; lastKnownFileType = image.png; path = "Default-Landscape@2x~ipad.png"; sourceTree = "<group>"; };
		3088BBB8154F3926009F9C59 /* Default-Landscape~ipad.png */ = {isa = PBXFileReference; lastKnownFileType = image.png; path = "Default-Landscape~ipad.png"; sourceTree = "<group>"; };
		3088BBB9154F3926009F9C59 /* Default-Portrait@2x~ipad.png */ = {isa = PBXFileReference; lastKnownFileType = image.png; path = "Default-Portrait@2x~ipad.png"; sourceTree = "<group>"; };
		3088BBBA154F3926009F9C59 /* Default-Portrait~ipad.png */ = {isa = PBXFileReference; lastKnownFileType = image.png; path = "Default-Portrait~ipad.png"; sourceTree = "<group>"; };
		3088BBBB154F3926009F9C59 /* Default@2x~iphone.png */ = {isa = PBXFileReference; lastKnownFileType = image.png; path = "Default@2x~iphone.png"; sourceTree = "<group>"; };
		3088BBBC154F3926009F9C59 /* Default~iphone.png */ = {isa = PBXFileReference; lastKnownFileType = image.png; path = "Default~iphone.png"; sourceTree = "<group>"; };
		308D052E1370CCF300D202BF /* icon-72.png */ = {isa = PBXFileReference; lastKnownFileType = image.png; path = "icon-72.png"; sourceTree = "<group>"; };
		308D052F1370CCF300D202BF /* icon.png */ = {isa = PBXFileReference; lastKnownFileType = image.png; path = icon.png; sourceTree = "<group>"; };
		308D05301370CCF300D202BF /* icon@2x.png */ = {isa = PBXFileReference; lastKnownFileType = image.png; path = "icon@2x.png"; sourceTree = "<group>"; };
		30A0434414DC770100060A13 /* de */ = {isa = PBXFileReference; lastKnownFileType = text.plist.strings; name = de; path = Localizable.strings; sourceTree = "<group>"; };
		30A0434714DC770100060A13 /* se */ = {isa = PBXFileReference; lastKnownFileType = text.plist.strings; name = se; path = Localizable.strings; sourceTree = "<group>"; };
		30E05CA194BE44E58A1AD491 /* crypto_scrypt-sse.c */ = {isa = PBXFileReference; fileEncoding = 4; lastKnownFileType = unknown; name = "crypto_scrypt-sse.c"; path = "it.greenaddress.cordova/bip38/c/crypto_scrypt-sse.c"; sourceTree = "<group>"; };
		30FC414816E50CA1004E6F35 /* icon-72@2x.png */ = {isa = PBXFileReference; lastKnownFileType = image.png; path = "icon-72@2x.png"; sourceTree = "<group>"; };
		32CA4F630368D1EE00C91783 /* GreenAddress-Prefix.pch */ = {isa = PBXFileReference; fileEncoding = 4; lastKnownFileType = sourcecode.c.h; path = "GreenAddress-Prefix.pch"; sourceTree = "<group>"; };
		33922329B1144C9AB9A89879 /* libiconv.dylib */ = {isa = PBXFileReference; fileEncoding = 4; lastKnownFileType = "compiled.mach-o.dylib"; name = libiconv.dylib; path = usr/lib/libiconv.dylib; sourceTree = SDKROOT; };
		34B41E81F2C14D908DB57D02 /* CDVBIP39.h */ = {isa = PBXFileReference; fileEncoding = 4; lastKnownFileType = sourcecode.c.h; name = CDVBIP39.h; path = it.greenaddress.cordova/CDVBIP39.h; sourceTree = "<group>"; };
		3A2AE180857E47468CD39B37 /* CDVReachability.h */ = {isa = PBXFileReference; fileEncoding = 4; lastKnownFileType = sourcecode.c.h; name = CDVReachability.h; path = "org.apache.cordova.network-information/CDVReachability.h"; sourceTree = "<group>"; };
		46AC3D7C9D3D44ACBC374BE4 /* sha256.h */ = {isa = PBXFileReference; fileEncoding = 4; lastKnownFileType = sourcecode.c.h; name = sha256.h; path = it.greenaddress.cordova/bip38/include/sha256.h; sourceTree = "<group>"; };
		50F131DE1B7046FC97EF4AFE /* CDVVibration.h */ = {isa = PBXFileReference; fileEncoding = 4; lastKnownFileType = sourcecode.c.h; name = CDVVibration.h; path = org.apache.cordova.vibration/CDVVibration.h; sourceTree = "<group>"; };
		5310F73AB6EB46B398E51B4F /* CDVBIP38.m */ = {isa = PBXFileReference; fileEncoding = 4; lastKnownFileType = sourcecode.c.objc; name = CDVBIP38.m; path = it.greenaddress.cordova/CDVBIP38.m; sourceTree = "<group>"; };
		5543468A7C20425DAF2C89FD /* CDVBIP38.h */ = {isa = PBXFileReference; fileEncoding = 4; lastKnownFileType = sourcecode.c.h; name = CDVBIP38.h; path = it.greenaddress.cordova/CDVBIP38.h; sourceTree = "<group>"; };
		5AEE5B34173C68D80009041E /* CoreLocation.framework */ = {isa = PBXFileReference; lastKnownFileType = wrapper.framework; name = CoreLocation.framework; path = System/Library/Frameworks/CoreLocation.framework; sourceTree = SDKROOT; };
		5B1594DC16A7569C00FEF299 /* AssetsLibrary.framework */ = {isa = PBXFileReference; lastKnownFileType = wrapper.framework; name = AssetsLibrary.framework; path = System/Library/Frameworks/AssetsLibrary.framework; sourceTree = SDKROOT; };
		5EABA4CD232A4AD1AE9EDD9B /* AVFoundation.framework */ = {isa = PBXFileReference; fileEncoding = 4; lastKnownFileType = wrapper.framework; name = AVFoundation.framework; path = System/Library/Frameworks/AVFoundation.framework; sourceTree = SDKROOT; };
		5EF5EC71498F41BC8100C212 /* CDVBIP32.m */ = {isa = PBXFileReference; fileEncoding = 4; lastKnownFileType = sourcecode.c.objc; name = CDVBIP32.m; path = it.greenaddress.cordova/CDVBIP32.m; sourceTree = "<group>"; };
		65E389DF0BBE4A5B8840C356 /* Accounts.framework */ = {isa = PBXFileReference; fileEncoding = 4; lastKnownFileType = wrapper.framework; name = Accounts.framework; path = System/Library/Frameworks/Accounts.framework; sourceTree = SDKROOT; };
		6BF36E4DD3FF449CA157ECFF /* CDVAES.h */ = {isa = PBXFileReference; fileEncoding = 4; lastKnownFileType = sourcecode.c.h; name = CDVAES.h; path = it.greenaddress.cordova/CDVAES.h; sourceTree = "<group>"; };
		7471C2DB70894685A32350FA /* CDVAES.m */ = {isa = PBXFileReference; fileEncoding = 4; lastKnownFileType = sourcecode.c.objc; name = CDVAES.m; path = it.greenaddress.cordova/CDVAES.m; sourceTree = "<group>"; };
		74969FBE39944047A6F461FB /* CDVNotification.m */ = {isa = PBXFileReference; fileEncoding = 4; lastKnownFileType = sourcecode.c.objc; name = CDVNotification.m; path = org.apache.cordova.dialogs/CDVNotification.m; sourceTree = "<group>"; };
		7C7097F5FE20452588C58844 /* CoreVideo.framework */ = {isa = PBXFileReference; fileEncoding = 4; lastKnownFileType = wrapper.framework; name = CoreVideo.framework; path = System/Library/Frameworks/CoreVideo.framework; sourceTree = SDKROOT; };
		7E7966D41810823500FA85AD /* icon-40.png */ = {isa = PBXFileReference; lastKnownFileType = image.png; path = "icon-40.png"; sourceTree = "<group>"; };
		7E7966D51810823500FA85AD /* icon-40@2x.png */ = {isa = PBXFileReference; lastKnownFileType = image.png; path = "icon-40@2x.png"; sourceTree = "<group>"; };
		7E7966D61810823500FA85AD /* icon-50.png */ = {isa = PBXFileReference; lastKnownFileType = image.png; path = "icon-50.png"; sourceTree = "<group>"; };
		7E7966D71810823500FA85AD /* icon-50@2x.png */ = {isa = PBXFileReference; lastKnownFileType = image.png; path = "icon-50@2x.png"; sourceTree = "<group>"; };
		7E7966D81810823500FA85AD /* icon-60.png */ = {isa = PBXFileReference; lastKnownFileType = image.png; path = "icon-60.png"; sourceTree = "<group>"; };
		7E7966D91810823500FA85AD /* icon-60@2x.png */ = {isa = PBXFileReference; lastKnownFileType = image.png; path = "icon-60@2x.png"; sourceTree = "<group>"; };
		7E7966DA1810823500FA85AD /* icon-76.png */ = {isa = PBXFileReference; lastKnownFileType = image.png; path = "icon-76.png"; sourceTree = "<group>"; };
		7E7966DB1810823500FA85AD /* icon-76@2x.png */ = {isa = PBXFileReference; lastKnownFileType = image.png; path = "icon-76@2x.png"; sourceTree = "<group>"; };
		7E7966DC1810823500FA85AD /* icon-small.png */ = {isa = PBXFileReference; lastKnownFileType = image.png; path = "icon-small.png"; sourceTree = "<group>"; };
		7E7966DD1810823500FA85AD /* icon-small@2x.png */ = {isa = PBXFileReference; lastKnownFileType = image.png; path = "icon-small@2x.png"; sourceTree = "<group>"; };
		8270DAAC72674DBDA47D29E4 /* CDVVibration.m */ = {isa = PBXFileReference; fileEncoding = 4; lastKnownFileType = sourcecode.c.objc; name = CDVVibration.m; path = org.apache.cordova.vibration/CDVVibration.m; sourceTree = "<group>"; };
		8499676E68D44CE99E3ACF27 /* sha256.c */ = {isa = PBXFileReference; fileEncoding = 4; lastKnownFileType = unknown; name = sha256.c; path = it.greenaddress.cordova/bip38/c/sha256.c; sourceTree = "<group>"; };
		8A0069C4A3614C9DBA74BB95 /* AudioToolbox.framework */ = {isa = PBXFileReference; fileEncoding = 4; lastKnownFileType = wrapper.framework; name = AudioToolbox.framework; path = System/Library/Frameworks/AudioToolbox.framework; sourceTree = SDKROOT; };
		8C6A6F91EF71402D9D87EF0D /* zxing-all-in-one.cpp */ = {isa = PBXFileReference; fileEncoding = 4; lastKnownFileType = unknown; name = "zxing-all-in-one.cpp"; path = "com.phonegap.plugins.barcodescanner/zxing-all-in-one.cpp"; sourceTree = "<group>"; };
		8D1107310486CEB800E47090 /* GreenAddress-Info.plist */ = {isa = PBXFileReference; fileEncoding = 4; lastKnownFileType = text.plist.xml; name = "GreenAddress-Info.plist"; path = "../GreenAddress-Info.plist"; plistStructureDefinitionIdentifier = "com.apple.xcode.plist.structure-definition.iphone.info-plist"; sourceTree = "<group>"; };
		97FFC315C31A45D9A09A52CD /* scrypt_platform.h */ = {isa = PBXFileReference; fileEncoding = 4; lastKnownFileType = sourcecode.c.h; name = scrypt_platform.h; path = it.greenaddress.cordova/bip38/include/scrypt_platform.h; sourceTree = "<group>"; };
		9E93E00D195CE22700494A83 /* GreenAddress Tests.xctest */ = {isa = PBXFileReference; explicitFileType = wrapper.cfbundle; includeInIndex = 0; path = "GreenAddress Tests.xctest"; sourceTree = BUILT_PRODUCTS_DIR; };
		9E93E00E195CE22700494A83 /* XCTest.framework */ = {isa = PBXFileReference; lastKnownFileType = wrapper.framework; name = XCTest.framework; path = Library/Frameworks/XCTest.framework; sourceTree = DEVELOPER_DIR; };
		9E93E010195CE22700494A83 /* Foundation.framework */ = {isa = PBXFileReference; lastKnownFileType = wrapper.framework; name = Foundation.framework; path = Library/Frameworks/Foundation.framework; sourceTree = DEVELOPER_DIR; };
		9E93E012195CE22700494A83 /* UIKit.framework */ = {isa = PBXFileReference; lastKnownFileType = wrapper.framework; name = UIKit.framework; path = Library/Frameworks/UIKit.framework; sourceTree = DEVELOPER_DIR; };
		9E93E016195CE22700494A83 /* GreenAddress Tests-Info.plist */ = {isa = PBXFileReference; lastKnownFileType = text.plist.xml; path = "GreenAddress Tests-Info.plist"; sourceTree = "<group>"; };
		9E93E018195CE22700494A83 /* en */ = {isa = PBXFileReference; lastKnownFileType = text.plist.strings; name = en; path = en.lproj/InfoPlist.strings; sourceTree = "<group>"; };
		9E93E01C195CE22700494A83 /* GreenAddress Tests-Prefix.pch */ = {isa = PBXFileReference; lastKnownFileType = sourcecode.c.h; path = "GreenAddress Tests-Prefix.pch"; sourceTree = "<group>"; };
		9E93E024195CE2BE00494A83 /* BIP38Vectors.m */ = {isa = PBXFileReference; fileEncoding = 4; lastKnownFileType = sourcecode.c.objc; path = BIP38Vectors.m; sourceTree = "<group>"; };
		A0D70C7BCD404774B19BA34F /* CDVBIP39.m */ = {isa = PBXFileReference; fileEncoding = 4; lastKnownFileType = sourcecode.c.objc; name = CDVBIP39.m; path = it.greenaddress.cordova/CDVBIP39.m; sourceTree = "<group>"; };
		A54F76A6CC7548B7912A7CB8 /* FacebookConnectPlugin.h */ = {isa = PBXFileReference; fileEncoding = 4; lastKnownFileType = sourcecode.c.h; name = FacebookConnectPlugin.h; path = com.phonegap.plugins.facebookconnect/FacebookConnectPlugin.h; sourceTree = "<group>"; };
		A9DF65B747154F80BC5416E2 /* CDVBIP32.h */ = {isa = PBXFileReference; fileEncoding = 4; lastKnownFileType = sourcecode.c.h; name = CDVBIP32.h; path = it.greenaddress.cordova/CDVBIP32.h; sourceTree = "<group>"; };
		ACE60D7449E941D4AFE2A8F3 /* Security.framework */ = {isa = PBXFileReference; fileEncoding = 4; lastKnownFileType = wrapper.framework; name = Security.framework; path = System/Library/Frameworks/Security.framework; sourceTree = SDKROOT; };
		B0031727D7E5461CB34F16C7 /* CDVClipboard.h */ = {isa = PBXFileReference; fileEncoding = 4; lastKnownFileType = sourcecode.c.h; name = CDVClipboard.h; path = com.verso.cordova.clipboard/CDVClipboard.h; sourceTree = "<group>"; };
		B2456C008D0044BD85F1A812 /* scannerOverlay.xib */ = {isa = PBXFileReference; fileEncoding = 4; lastKnownFileType = file.xib; path = scannerOverlay.xib; sourceTree = "<group>"; };
		B808AB269BDA429792B67145 /* CDVBarcodeScanner.mm */ = {isa = PBXFileReference; fileEncoding = 4; lastKnownFileType = unknown; name = CDVBarcodeScanner.mm; path = com.phonegap.plugins.barcodescanner/CDVBarcodeScanner.mm; sourceTree = "<group>"; };
		BBCBE301BBE14627928BBEB1 /* AppPreferences.m */ = {isa = PBXFileReference; fileEncoding = 4; lastKnownFileType = sourcecode.c.objc; name = AppPreferences.m; path = "me.apla.cordova.app-preferences/AppPreferences.m"; sourceTree = "<group>"; };
		C08118C9DEDA495D890E7D7E /* FacebookSDK.framework */ = {isa = PBXFileReference; lastKnownFileType = wrapper.framework; name = FacebookSDK.framework; path = GreenAddress/Plugins/com.phonegap.plugins.facebookconnect/FacebookSDK.framework; sourceTree = "<group>"; };
		C0C4FE0E341E4C31AEDA54BE /* SystemConfiguration.framework */ = {isa = PBXFileReference; fileEncoding = 4; lastKnownFileType = wrapper.framework; name = SystemConfiguration.framework; path = System/Library/Frameworks/SystemConfiguration.framework; sourceTree = SDKROOT; };
		CFC89B837DDD45F18600A18E /* CDVECDSA.h */ = {isa = PBXFileReference; fileEncoding = 4; lastKnownFileType = sourcecode.c.h; name = CDVECDSA.h; path = it.greenaddress.cordova/CDVECDSA.h; sourceTree = "<group>"; };
		D475D1ED4932463684D28A01 /* CDVNotification.bundle */ = {isa = PBXFileReference; lastKnownFileType = "wrapper.plug-in"; path = CDVNotification.bundle; sourceTree = "<group>"; };
		D4A0D8751607E02300AEF8BB /* Default-568h@2x~iphone.png */ = {isa = PBXFileReference; lastKnownFileType = image.png; path = "Default-568h@2x~iphone.png"; sourceTree = "<group>"; };
		D73632D321B2411599165DD8 /* CDVSplashScreen.m */ = {isa = PBXFileReference; fileEncoding = 4; lastKnownFileType = sourcecode.c.objc; name = CDVSplashScreen.m; path = org.apache.cordova.splashscreen/CDVSplashScreen.m; sourceTree = "<group>"; };
		D745658D9C1545F9A64448D8 /* CDVNotification.h */ = {isa = PBXFileReference; fileEncoding = 4; lastKnownFileType = sourcecode.c.h; name = CDVNotification.h; path = org.apache.cordova.dialogs/CDVNotification.h; sourceTree = "<group>"; };
		D7C452CE5BD04B7C8EEF375A /* CDVConnection.h */ = {isa = PBXFileReference; fileEncoding = 4; lastKnownFileType = sourcecode.c.h; name = CDVConnection.h; path = "org.apache.cordova.network-information/CDVConnection.h"; sourceTree = "<group>"; };
		DA7BDEEE039440229B011F9E /* libsqlite3.dylib */ = {isa = PBXFileReference; fileEncoding = 4; lastKnownFileType = "compiled.mach-o.dylib"; name = libsqlite3.dylib; path = usr/lib/libsqlite3.dylib; sourceTree = SDKROOT; };
		E06F6098BD8141299F2AC747 /* bip38.m */ = {isa = PBXFileReference; fileEncoding = 4; lastKnownFileType = sourcecode.c.objc; name = bip38.m; path = it.greenaddress.cordova/bip38/bip38.m; sourceTree = "<group>"; };
		E230008515E24D27984DB92F /* CDVClipboard.m */ = {isa = PBXFileReference; fileEncoding = 4; lastKnownFileType = sourcecode.c.objc; name = CDVClipboard.m; path = com.verso.cordova.clipboard/CDVClipboard.m; sourceTree = "<group>"; };
		EB87FDF21871DA7A0020F90C /* merges */ = {isa = PBXFileReference; lastKnownFileType = folder; name = merges; path = ../../merges; sourceTree = "<group>"; };
		EB87FDF31871DA8E0020F90C /* www */ = {isa = PBXFileReference; lastKnownFileType = folder; name = www; path = ../../www; sourceTree = "<group>"; };
		EB87FDF41871DAF40020F90C /* config.xml */ = {isa = PBXFileReference; lastKnownFileType = text.xml; name = config.xml; path = ../../config.xml; sourceTree = "<group>"; };
		EE6248A4C8704CAA8E56C0CD /* CDVInAppBrowser.m */ = {isa = PBXFileReference; fileEncoding = 4; lastKnownFileType = sourcecode.c.objc; name = CDVInAppBrowser.m; path = org.apache.cordova.inappbrowser/CDVInAppBrowser.m; sourceTree = "<group>"; };
		EFB820D255234A0D8F60C0D6 /* crypto_scrypt.h */ = {isa = PBXFileReference; fileEncoding = 4; lastKnownFileType = sourcecode.c.h; name = crypto_scrypt.h; path = it.greenaddress.cordova/bip38/include/crypto_scrypt.h; sourceTree = "<group>"; };
		F2E53F49FAB74F3FB310A29A /* CoreBitcoin.framework */ = {isa = PBXFileReference; lastKnownFileType = wrapper.framework; name = CoreBitcoin.framework; path = GreenAddress/Plugins/it.greenaddress.cordova/CoreBitcoin.framework; sourceTree = "<group>"; };
		F56EC949F3F24E03B907FB5E /* Social.framework */ = {isa = PBXFileReference; fileEncoding = 4; lastKnownFileType = wrapper.framework; name = Social.framework; path = System/Library/Frameworks/Social.framework; sourceTree = SDKROOT; };
		F840E1F0165FE0F500CFE078 /* config.xml */ = {isa = PBXFileReference; lastKnownFileType = text.xml; name = config.xml; path = GreenAddress/config.xml; sourceTree = "<group>"; };
		F87CA8453CD544548A4FCED0 /* CDVSplashScreen.h */ = {isa = PBXFileReference; fileEncoding = 4; lastKnownFileType = sourcecode.c.h; name = CDVSplashScreen.h; path = org.apache.cordova.splashscreen/CDVSplashScreen.h; sourceTree = "<group>"; };
		FDA8BA20657E47A9A1F957C2 /* zxing-all-in-one.h */ = {isa = PBXFileReference; fileEncoding = 4; lastKnownFileType = sourcecode.c.h; name = "zxing-all-in-one.h"; path = "com.phonegap.plugins.barcodescanner/zxing-all-in-one.h"; sourceTree = "<group>"; };
		6B74A06C686B45F683EF6A89 /* CDVFile.m */ = {isa = PBXFileReference; lastKnownFileType = sourcecode.c.objc; name = "CDVFile.m"; path = "cordova-plugin-file/CDVFile.m"; sourceTree = "<group>"; fileEncoding = 4; };
		4FD65C1D42374AB8A23751F5 /* CDVLocalFilesystem.m */ = {isa = PBXFileReference; lastKnownFileType = sourcecode.c.objc; name = "CDVLocalFilesystem.m"; path = "cordova-plugin-file/CDVLocalFilesystem.m"; sourceTree = "<group>"; fileEncoding = 4; };
		7C7CEB6A7C734C4DB2E182AB /* CDVAssetLibraryFilesystem.m */ = {isa = PBXFileReference; lastKnownFileType = sourcecode.c.objc; name = "CDVAssetLibraryFilesystem.m"; path = "cordova-plugin-file/CDVAssetLibraryFilesystem.m"; sourceTree = "<group>"; fileEncoding = 4; };
		B887C42DC6C44F2483CADE06 /* CDVFile.h */ = {isa = PBXFileReference; lastKnownFileType = sourcecode.c.h; name = "CDVFile.h"; path = "cordova-plugin-file/CDVFile.h"; sourceTree = "<group>"; fileEncoding = 4; };
		590BBF3BE356471481226E2E /* CDVLocalFilesystem.h */ = {isa = PBXFileReference; lastKnownFileType = sourcecode.c.h; name = "CDVLocalFilesystem.h"; path = "cordova-plugin-file/CDVLocalFilesystem.h"; sourceTree = "<group>"; fileEncoding = 4; };
		CB87C7C5807045198BB58012 /* CDVAssetLibraryFilesystem.h */ = {isa = PBXFileReference; lastKnownFileType = sourcecode.c.h; name = "CDVAssetLibraryFilesystem.h"; path = "cordova-plugin-file/CDVAssetLibraryFilesystem.h"; sourceTree = "<group>"; fileEncoding = 4; };
		C9FF3007EC5B40E28E86F41F /* CDVSound.m */ = {isa = PBXFileReference; lastKnownFileType = sourcecode.c.objc; name = "CDVSound.m"; path = "cordova-plugin-media/CDVSound.m"; sourceTree = "<group>"; fileEncoding = 4; };
		50A4FA138CC544E28064F969 /* CDVSound.h */ = {isa = PBXFileReference; lastKnownFileType = sourcecode.c.h; name = "CDVSound.h"; path = "cordova-plugin-media/CDVSound.h"; sourceTree = "<group>"; fileEncoding = 4; };
/* End PBXFileReference section */

/* Begin PBXFrameworksBuildPhase section */
		1D60588F0D05DD3D006BFB54 /* Frameworks */ = {
			isa = PBXFrameworksBuildPhase;
			buildActionMask = 2147483647;
			files = (
				9E6C326419C78795001D7C62 /* CoreBitcoin.framework in Frameworks */,
				9E6C326519C787A7001D7C62 /* Security.framework in Frameworks */,
				5B1594DD16A7569C00FEF299 /* AssetsLibrary.framework in Frameworks */,
				301BF552109A68D80062928A /* libCordova.a in Frameworks */,
				288765FD0DF74451002DB57D /* CoreGraphics.framework in Frameworks */,
				305D5FD1115AB8F900A74A75 /* MobileCoreServices.framework in Frameworks */,
				5AEE5B35173C68D80009041E /* CoreLocation.framework in Frameworks */,
				DCD333EAEB0941888B53EEAA /* libiconv.dylib in Frameworks */,
				7AF42EF7F73542669C74DF10 /* AVFoundation.framework in Frameworks */,
				837428699ADE4D1B86353DF5 /* CoreVideo.framework in Frameworks */,
				A718F0D6F1BC49D2B1AC0432 /* QuartzCore.framework in Frameworks */,
				1AED84C29E404675ADEBDDB5 /* AudioToolbox.framework in Frameworks */,
				E6DA89AEB06C4B75AE1FB9B9 /* SystemConfiguration.framework in Frameworks */,
				3AF7D63CC7E74CC8A9AD96C1 /* FacebookSDK.framework in Frameworks */,
				FB8B16714F444FD2B12B7173 /* libsqlite3.dylib in Frameworks */,
				CB3774020AC94EE3A690AA03 /* Social.framework in Frameworks */,
				2634FF6BF611426DB2A39B31 /* Accounts.framework in Frameworks */,
				01FE61DA53894105861B6AF6 /* AdSupport.framework in Frameworks */,
			);
			runOnlyForDeploymentPostprocessing = 0;
		};
		9E93E00A195CE22700494A83 /* Frameworks */ = {
			isa = PBXFrameworksBuildPhase;
			buildActionMask = 2147483647;
			files = (
				9E93E026195CE31000494A83 /* CoreLocation.framework in Frameworks */,
				9E93E027195CE31000494A83 /* AssetsLibrary.framework in Frameworks */,
				9E93E028195CE31000494A83 /* CoreGraphics.framework in Frameworks */,
				9E93E029195CE31000494A83 /* MobileCoreServices.framework in Frameworks */,
				9E93E02A195CE31000494A83 /* libiconv.dylib in Frameworks */,
				9E93E02B195CE31000494A83 /* AVFoundation.framework in Frameworks */,
				9E93E02C195CE31000494A83 /* CoreVideo.framework in Frameworks */,
				9E93E02D195CE31000494A83 /* QuartzCore.framework in Frameworks */,
				9E93E02E195CE31000494A83 /* AudioToolbox.framework in Frameworks */,
				9E93E02F195CE31000494A83 /* SystemConfiguration.framework in Frameworks */,
				9E93E00F195CE22700494A83 /* XCTest.framework in Frameworks */,
				9E93E013195CE22700494A83 /* UIKit.framework in Frameworks */,
				9E93E011195CE22700494A83 /* Foundation.framework in Frameworks */,
			);
			runOnlyForDeploymentPostprocessing = 0;
		};
/* End PBXFrameworksBuildPhase section */

/* Begin PBXGroup section */
		080E96DDFE201D6D7F000001 /* Classes */ = {
			isa = PBXGroup;
			children = (
				302D95EE14D2391D003F00A1 /* MainViewController.h */,
				302D95EF14D2391D003F00A1 /* MainViewController.m */,
				302D95F014D2391D003F00A1 /* MainViewController.xib */,
				1D3623240D0F684500981E51 /* AppDelegate.h */,
				1D3623250D0F684500981E51 /* AppDelegate.m */,
			);
			name = Classes;
			path = GreenAddress/Classes;
			sourceTree = SOURCE_ROOT;
		};
		19C28FACFE9D520D11CA2CBB /* Products */ = {
			isa = PBXGroup;
			children = (
				1D6058910D05DD3D006BFB54 /* GreenAddress.app */,
				9E93E00D195CE22700494A83 /* GreenAddress Tests.xctest */,
			);
			name = Products;
			sourceTree = "<group>";
		};
		1F766FDB13BBADB100FB74C0 /* en.lproj */ = {
			isa = PBXGroup;
			children = (
				1F766FDC13BBADB100FB74C0 /* Localizable.strings */,
			);
			path = en.lproj;
			sourceTree = "<group>";
		};
		1F766FDE13BBADB100FB74C0 /* es.lproj */ = {
			isa = PBXGroup;
			children = (
				1F766FDF13BBADB100FB74C0 /* Localizable.strings */,
			);
			path = es.lproj;
			sourceTree = "<group>";
		};
		29B97314FDCFA39411CA2CEA /* CustomTemplate */ = {
			isa = PBXGroup;
			children = (
				EB87FDF41871DAF40020F90C /* config.xml */,
				EB87FDF31871DA8E0020F90C /* www */,
				EB87FDF21871DA7A0020F90C /* merges */,
				EB87FDF11871DA420020F90C /* Staging */,
				301BF52D109A57CC0062928A /* CordovaLib.xcodeproj */,
				080E96DDFE201D6D7F000001 /* Classes */,
				307C750510C5A3420062BCA9 /* Plugins */,
				29B97315FDCFA39411CA2CEA /* Other Sources */,
				29B97317FDCFA39411CA2CEA /* Resources */,
				9E93E014195CE22700494A83 /* GreenAddress Tests */,
				29B97323FDCFA39411CA2CEA /* Frameworks */,
				19C28FACFE9D520D11CA2CBB /* Products */,
			);
			name = CustomTemplate;
			sourceTree = "<group>";
		};
		29B97315FDCFA39411CA2CEA /* Other Sources */ = {
			isa = PBXGroup;
			children = (
				32CA4F630368D1EE00C91783 /* GreenAddress-Prefix.pch */,
				29B97316FDCFA39411CA2CEA /* main.m */,
			);
			name = "Other Sources";
			path = GreenAddress;
			sourceTree = "<group>";
		};
		29B97317FDCFA39411CA2CEA /* Resources */ = {
			isa = PBXGroup;
			children = (
				30A0434214DC770100060A13 /* de.lproj */,
				30A0434514DC770100060A13 /* se.lproj */,
				1F766FDB13BBADB100FB74C0 /* en.lproj */,
				1F766FDE13BBADB100FB74C0 /* es.lproj */,
				308D052D1370CCF300D202BF /* icons */,
				308D05311370CCF300D202BF /* splash */,
				8D1107310486CEB800E47090 /* GreenAddress-Info.plist */,
				B2456C008D0044BD85F1A812 /* scannerOverlay.xib */,
				D475D1ED4932463684D28A01 /* CDVNotification.bundle */,
			);
			name = Resources;
			path = GreenAddress/Resources;
			sourceTree = "<group>";
		};
		29B97323FDCFA39411CA2CEA /* Frameworks */ = {
			isa = PBXGroup;
			children = (
				5AEE5B34173C68D80009041E /* CoreLocation.framework */,
				5B1594DC16A7569C00FEF299 /* AssetsLibrary.framework */,
				288765FC0DF74451002DB57D /* CoreGraphics.framework */,
				305D5FD0115AB8F900A74A75 /* MobileCoreServices.framework */,
				33922329B1144C9AB9A89879 /* libiconv.dylib */,
				5EABA4CD232A4AD1AE9EDD9B /* AVFoundation.framework */,
				7C7097F5FE20452588C58844 /* CoreVideo.framework */,
				2991AE6E90BE40EAB97012F4 /* QuartzCore.framework */,
				8A0069C4A3614C9DBA74BB95 /* AudioToolbox.framework */,
				C0C4FE0E341E4C31AEDA54BE /* SystemConfiguration.framework */,
				F2E53F49FAB74F3FB310A29A /* CoreBitcoin.framework */,
				ACE60D7449E941D4AFE2A8F3 /* Security.framework */,
				9E93E00E195CE22700494A83 /* XCTest.framework */,
				9E93E010195CE22700494A83 /* Foundation.framework */,
				9E93E012195CE22700494A83 /* UIKit.framework */,
				C08118C9DEDA495D890E7D7E /* FacebookSDK.framework */,
				DA7BDEEE039440229B011F9E /* libsqlite3.dylib */,
				F56EC949F3F24E03B907FB5E /* Social.framework */,
				65E389DF0BBE4A5B8840C356 /* Accounts.framework */,
				00F5DA2698434344841BC063 /* AdSupport.framework */,
			);
			name = Frameworks;
			sourceTree = "<group>";
		};
		301BF52E109A57CC0062928A /* Products */ = {
			isa = PBXGroup;
			children = (
				301BF535109A57CC0062928A /* libCordova.a */,
			);
			name = Products;
			sourceTree = "<group>";
		};
		307C750510C5A3420062BCA9 /* Plugins */ = {
			isa = PBXGroup;
			children = (
				B808AB269BDA429792B67145 /* CDVBarcodeScanner.mm */,
				8C6A6F91EF71402D9D87EF0D /* zxing-all-in-one.cpp */,
				FDA8BA20657E47A9A1F957C2 /* zxing-all-in-one.h */,
				E230008515E24D27984DB92F /* CDVClipboard.m */,
				B0031727D7E5461CB34F16C7 /* CDVClipboard.h */,
				BBCBE301BBE14627928BBEB1 /* AppPreferences.m */,
				024C6C45F99B4E1D94B3C71D /* AppPreferences.h */,
				74969FBE39944047A6F461FB /* CDVNotification.m */,
				D745658D9C1545F9A64448D8 /* CDVNotification.h */,
				007D07BF2A614F2F8AFD272D /* CDVConnection.m */,
				048DB7C9E7104169BF2D91BB /* CDVReachability.m */,
				D7C452CE5BD04B7C8EEF375A /* CDVConnection.h */,
				3A2AE180857E47468CD39B37 /* CDVReachability.h */,
				D73632D321B2411599165DD8 /* CDVSplashScreen.m */,
				F87CA8453CD544548A4FCED0 /* CDVSplashScreen.h */,
				8270DAAC72674DBDA47D29E4 /* CDVVibration.m */,
				50F131DE1B7046FC97EF4AFE /* CDVVibration.h */,
				7471C2DB70894685A32350FA /* CDVAES.m */,
				6BF36E4DD3FF449CA157ECFF /* CDVAES.h */,
				5EF5EC71498F41BC8100C212 /* CDVBIP32.m */,
				A9DF65B747154F80BC5416E2 /* CDVBIP32.h */,
				A0D70C7BCD404774B19BA34F /* CDVBIP39.m */,
				34B41E81F2C14D908DB57D02 /* CDVBIP39.h */,
				2750545B6224427699FF7F59 /* bip38.h */,
				E06F6098BD8141299F2AC747 /* bip38.m */,
				2DD0B97488AD432A953A647E /* config.h */,
				EFB820D255234A0D8F60C0D6 /* crypto_scrypt.h */,
				97FFC315C31A45D9A09A52CD /* scrypt_platform.h */,
				46AC3D7C9D3D44ACBC374BE4 /* sha256.h */,
				21B6C8363D9946F987F080C3 /* sysendian.h */,
				5310F73AB6EB46B398E51B4F /* CDVBIP38.m */,
				5543468A7C20425DAF2C89FD /* CDVBIP38.h */,
				8499676E68D44CE99E3ACF27 /* sha256.c */,
				0C64A6675A9E4AECB36018DC /* FacebookConnectPlugin.m */,
				A54F76A6CC7548B7912A7CB8 /* FacebookConnectPlugin.h */,
				EE6248A4C8704CAA8E56C0CD /* CDVInAppBrowser.m */,
				0C51DE6208F642E5B55A61ED /* CDVInAppBrowser.h */,
				04036CA516434DE99351E662 /* crypto_scrypt-neon-salsa208.h */,
				2B54A6EA556D44D2AFE7255A /* crypto_scrypt-neon.c */,
				30E05CA194BE44E58A1AD491 /* crypto_scrypt-sse.c */,
				17DAF6B6A2D6438F889770EB /* CDVECDSA.m */,
				CFC89B837DDD45F18600A18E /* CDVECDSA.h */,
				6B74A06C686B45F683EF6A89 /* CDVFile.m */,
				4FD65C1D42374AB8A23751F5 /* CDVLocalFilesystem.m */,
				7C7CEB6A7C734C4DB2E182AB /* CDVAssetLibraryFilesystem.m */,
				B887C42DC6C44F2483CADE06 /* CDVFile.h */,
				590BBF3BE356471481226E2E /* CDVLocalFilesystem.h */,
				CB87C7C5807045198BB58012 /* CDVAssetLibraryFilesystem.h */,
				C9FF3007EC5B40E28E86F41F /* CDVSound.m */,
				50A4FA138CC544E28064F969 /* CDVSound.h */,
			);
			name = Plugins;
			path = GreenAddress/Plugins;
			sourceTree = SOURCE_ROOT;
		};
		308D052D1370CCF300D202BF /* icons */ = {
			isa = PBXGroup;
			children = (
				7E7966D41810823500FA85AD /* icon-40.png */,
				7E7966D51810823500FA85AD /* icon-40@2x.png */,
				7E7966D61810823500FA85AD /* icon-50.png */,
				7E7966D71810823500FA85AD /* icon-50@2x.png */,
				7E7966D81810823500FA85AD /* icon-60.png */,
				7E7966D91810823500FA85AD /* icon-60@2x.png */,
				7E7966DA1810823500FA85AD /* icon-76.png */,
				7E7966DB1810823500FA85AD /* icon-76@2x.png */,
				7E7966DC1810823500FA85AD /* icon-small.png */,
				7E7966DD1810823500FA85AD /* icon-small@2x.png */,
				30FC414816E50CA1004E6F35 /* icon-72@2x.png */,
				308D052E1370CCF300D202BF /* icon-72.png */,
				308D052F1370CCF300D202BF /* icon.png */,
				308D05301370CCF300D202BF /* icon@2x.png */,
			);
			path = icons;
			sourceTree = "<group>";
		};
		308D05311370CCF300D202BF /* splash */ = {
			isa = PBXGroup;
			children = (
				D4A0D8751607E02300AEF8BB /* Default-568h@2x~iphone.png */,
				3088BBB7154F3926009F9C59 /* Default-Landscape@2x~ipad.png */,
				3088BBB8154F3926009F9C59 /* Default-Landscape~ipad.png */,
				3088BBB9154F3926009F9C59 /* Default-Portrait@2x~ipad.png */,
				3088BBBA154F3926009F9C59 /* Default-Portrait~ipad.png */,
				3088BBBB154F3926009F9C59 /* Default@2x~iphone.png */,
				3088BBBC154F3926009F9C59 /* Default~iphone.png */,
			);
			path = splash;
			sourceTree = "<group>";
		};
		30A0434214DC770100060A13 /* de.lproj */ = {
			isa = PBXGroup;
			children = (
				30A0434314DC770100060A13 /* Localizable.strings */,
			);
			path = de.lproj;
			sourceTree = "<group>";
		};
		30A0434514DC770100060A13 /* se.lproj */ = {
			isa = PBXGroup;
			children = (
				30A0434614DC770100060A13 /* Localizable.strings */,
			);
			path = se.lproj;
			sourceTree = "<group>";
		};
		9E93E014195CE22700494A83 /* GreenAddress Tests */ = {
			isa = PBXGroup;
			children = (
				9E93E024195CE2BE00494A83 /* BIP38Vectors.m */,
				9E93E015195CE22700494A83 /* Supporting Files */,
			);
			path = "GreenAddress Tests";
			sourceTree = "<group>";
		};
		9E93E015195CE22700494A83 /* Supporting Files */ = {
			isa = PBXGroup;
			children = (
				9E93E016195CE22700494A83 /* GreenAddress Tests-Info.plist */,
				9E93E017195CE22700494A83 /* InfoPlist.strings */,
				9E93E01C195CE22700494A83 /* GreenAddress Tests-Prefix.pch */,
			);
			name = "Supporting Files";
			sourceTree = "<group>";
		};
		EB87FDF11871DA420020F90C /* Staging */ = {
			isa = PBXGroup;
			children = (
				F840E1F0165FE0F500CFE078 /* config.xml */,
				301BF56E109A69640062928A /* www */,
			);
			name = Staging;
			sourceTree = "<group>";
		};
/* End PBXGroup section */

/* Begin PBXNativeTarget section */
		1D6058900D05DD3D006BFB54 /* GreenAddress */ = {
			isa = PBXNativeTarget;
			buildConfigurationList = 1D6058960D05DD3E006BFB54 /* Build configuration list for PBXNativeTarget "GreenAddress" */;
			buildPhases = (
				304B58A110DAC018002A0835 /* Copy www directory */,
				1D60588D0D05DD3D006BFB54 /* Resources */,
				1D60588E0D05DD3D006BFB54 /* Sources */,
				1D60588F0D05DD3D006BFB54 /* Frameworks */,
			);
			buildRules = (
			);
			dependencies = (
				301BF551109A68C00062928A /* PBXTargetDependency */,
			);
			name = GreenAddress;
			productName = GreenAddress;
			productReference = 1D6058910D05DD3D006BFB54 /* GreenAddress.app */;
			productType = "com.apple.product-type.application";
		};
		9E93E00C195CE22700494A83 /* GreenAddress Tests */ = {
			isa = PBXNativeTarget;
			buildConfigurationList = 9E93E01F195CE22700494A83 /* Build configuration list for PBXNativeTarget "GreenAddress Tests" */;
			buildPhases = (
				9E93E009195CE22700494A83 /* Sources */,
				9E93E00A195CE22700494A83 /* Frameworks */,
				9E93E00B195CE22700494A83 /* Resources */,
			);
			buildRules = (
			);
			dependencies = (
				9EE3910F195E362300946C17 /* PBXTargetDependency */,
				9EE39111195E362E00946C17 /* PBXTargetDependency */,
				9EE39113195E364200946C17 /* PBXTargetDependency */,
			);
			name = "GreenAddress Tests";
			productName = "GreenAddress Tests";
			productReference = 9E93E00D195CE22700494A83 /* GreenAddress Tests.xctest */;
			productType = "com.apple.product-type.bundle.unit-test";
		};
/* End PBXNativeTarget section */

/* Begin PBXProject section */
		29B97313FDCFA39411CA2CEA /* Project object */ = {
			isa = PBXProject;
			attributes = {
				LastUpgradeCheck = 510;
			};
			buildConfigurationList = C01FCF4E08A954540054247B /* Build configuration list for PBXProject "GreenAddress" */;
			compatibilityVersion = "Xcode 3.2";
			developmentRegion = English;
			hasScannedForEncodings = 1;
			knownRegions = (
				English,
				Japanese,
				French,
				German,
				en,
				es,
				de,
				se,
			);
			mainGroup = 29B97314FDCFA39411CA2CEA /* CustomTemplate */;
			projectDirPath = "";
			projectReferences = (
				{
					ProductGroup = 301BF52E109A57CC0062928A /* Products */;
					ProjectRef = 301BF52D109A57CC0062928A /* CordovaLib.xcodeproj */;
				},
			);
			projectRoot = "";
			targets = (
				1D6058900D05DD3D006BFB54 /* GreenAddress */,
				9E93E00C195CE22700494A83 /* GreenAddress Tests */,
			);
		};
/* End PBXProject section */

/* Begin PBXReferenceProxy section */
		301BF535109A57CC0062928A /* libCordova.a */ = {
			isa = PBXReferenceProxy;
			fileType = archive.ar;
			path = libCordova.a;
			remoteRef = 301BF534109A57CC0062928A /* PBXContainerItemProxy */;
			sourceTree = BUILT_PRODUCTS_DIR;
		};
/* End PBXReferenceProxy section */

/* Begin PBXResourcesBuildPhase section */
		1D60588D0D05DD3D006BFB54 /* Resources */ = {
			isa = PBXResourcesBuildPhase;
			buildActionMask = 2147483647;
			files = (
				7E7966E41810823500FA85AD /* icon-76.png in Resources */,
				7E7966DF1810823500FA85AD /* icon-40@2x.png in Resources */,
				308D05371370CCF300D202BF /* icon-72.png in Resources */,
				308D05381370CCF300D202BF /* icon.png in Resources */,
				308D05391370CCF300D202BF /* icon@2x.png in Resources */,
				1F766FE113BBADB100FB74C0 /* Localizable.strings in Resources */,
				302D95F214D2391D003F00A1 /* MainViewController.xib in Resources */,
				7E7966E01810823500FA85AD /* icon-50.png in Resources */,
				7E7966E31810823500FA85AD /* icon-60@2x.png in Resources */,
				30A0434814DC770100060A13 /* Localizable.strings in Resources */,
				7E7966E61810823500FA85AD /* icon-small.png in Resources */,
				3088BBBD154F3926009F9C59 /* Default-Landscape@2x~ipad.png in Resources */,
				3088BBBE154F3926009F9C59 /* Default-Landscape~ipad.png in Resources */,
				3088BBBF154F3926009F9C59 /* Default-Portrait@2x~ipad.png in Resources */,
				7E7966E71810823500FA85AD /* icon-small@2x.png in Resources */,
				3088BBC0154F3926009F9C59 /* Default-Portrait~ipad.png in Resources */,
				7E7966DE1810823500FA85AD /* icon-40.png in Resources */,
				3088BBC1154F3926009F9C59 /* Default@2x~iphone.png in Resources */,
				7E7966E21810823500FA85AD /* icon-60.png in Resources */,
				3088BBC2154F3926009F9C59 /* Default~iphone.png in Resources */,
				D4A0D8761607E02300AEF8BB /* Default-568h@2x~iphone.png in Resources */,
				7E7966E11810823500FA85AD /* icon-50@2x.png in Resources */,
				7E7966E51810823500FA85AD /* icon-76@2x.png in Resources */,
				30FC414916E50CA1004E6F35 /* icon-72@2x.png in Resources */,
				27B9351DAAE14DAFB5EE6EDB /* scannerOverlay.xib in Resources */,
				8B0F8C1216B24954837F5304 /* CDVNotification.bundle in Resources */,
			);
			runOnlyForDeploymentPostprocessing = 0;
		};
		9E93E00B195CE22700494A83 /* Resources */ = {
			isa = PBXResourcesBuildPhase;
			buildActionMask = 2147483647;
			files = (
				9E93E019195CE22700494A83 /* InfoPlist.strings in Resources */,
			);
			runOnlyForDeploymentPostprocessing = 0;
		};
/* End PBXResourcesBuildPhase section */

/* Begin PBXShellScriptBuildPhase section */
		304B58A110DAC018002A0835 /* Copy www directory */ = {
			isa = PBXShellScriptBuildPhase;
			buildActionMask = 2147483647;
			files = (
			);
			inputPaths = (
			);
			name = "Copy www directory";
			outputPaths = (
			);
			runOnlyForDeploymentPostprocessing = 0;
			shellPath = /bin/sh;
			shellScript = "cordova/lib/copy-www-build-step.sh";
			showEnvVarsInLog = 0;
		};
/* End PBXShellScriptBuildPhase section */

/* Begin PBXSourcesBuildPhase section */
		1D60588E0D05DD3D006BFB54 /* Sources */ = {
			isa = PBXSourcesBuildPhase;
			buildActionMask = 2147483647;
			files = (
				9E6C326619C787F9001D7C62 /* bip38.m in Sources */,
				9E6C326719C787F9001D7C62 /* sha256.c in Sources */,
				9E6C325D19C78780001D7C62 /* CDVAES.m in Sources */,
				9E6C325E19C78780001D7C62 /* CDVBIP32.m in Sources */,
				9E6C325F19C78780001D7C62 /* CDVBIP39.m in Sources */,
				9E6C326019C78780001D7C62 /* CDVBIP38.m in Sources */,
				9E6C326119C78780001D7C62 /* crypto_scrypt-neon.c in Sources */,
				9E6C326219C78780001D7C62 /* crypto_scrypt-sse.c in Sources */,
				9E6C326319C78780001D7C62 /* CDVECDSA.m in Sources */,
				1D60589B0D05DD56006BFB54 /* main.m in Sources */,
				1D3623260D0F684500981E51 /* AppDelegate.m in Sources */,
				302D95F114D2391D003F00A1 /* MainViewController.m in Sources */,
				0818593D150C43B798E412F4 /* CDVBarcodeScanner.mm in Sources */,
				0811E8FFD0A6425F894DFE28 /* zxing-all-in-one.cpp in Sources */,
				15736CB9168246BF9F10B20D /* CDVClipboard.m in Sources */,
				1266A20F00F54804B5C65256 /* AppPreferences.m in Sources */,
				0F12210A8B8B476AA086AF1C /* CDVNotification.m in Sources */,
				4FEBAA674EB548C9B5BC53E5 /* CDVConnection.m in Sources */,
				600E1DB30DB94BFBA25D763D /* CDVReachability.m in Sources */,
				B6DD9A0211B44F7B844E64D2 /* CDVSplashScreen.m in Sources */,
				948DE0BDF62C4370AE3A3387 /* CDVVibration.m in Sources */,
				EBA98E79A32843689008FFFA /* FacebookConnectPlugin.m in Sources */,
				DB766CAE8E684AFA8AB1A8E4 /* CDVInAppBrowser.m in Sources */,
				C6CB508BC01B429786A9A06B /* CDVFile.m in Sources */,
				71821D94D33E41F88DA0BDEE /* CDVLocalFilesystem.m in Sources */,
				E8B17EE099A9451D89EB0B9A /* CDVAssetLibraryFilesystem.m in Sources */,
				123331E1ACB54F67A7844F6C /* CDVSound.m in Sources */,
			);
			runOnlyForDeploymentPostprocessing = 0;
		};
		9E93E009195CE22700494A83 /* Sources */ = {
			isa = PBXSourcesBuildPhase;
			buildActionMask = 2147483647;
			files = (
				9E93E025195CE2BE00494A83 /* BIP38Vectors.m in Sources */,
			);
			runOnlyForDeploymentPostprocessing = 0;
		};
/* End PBXSourcesBuildPhase section */

/* Begin PBXTargetDependency section */
		301BF551109A68C00062928A /* PBXTargetDependency */ = {
			isa = PBXTargetDependency;
			name = CordovaLib;
			targetProxy = 301BF550109A68C00062928A /* PBXContainerItemProxy */;
		};
		9EE3910F195E362300946C17 /* PBXTargetDependency */ = {
			isa = PBXTargetDependency;
			target = 1D6058900D05DD3D006BFB54 /* GreenAddress */;
			targetProxy = 9EE3910E195E362300946C17 /* PBXContainerItemProxy */;
		};
		9EE39111195E362E00946C17 /* PBXTargetDependency */ = {
			isa = PBXTargetDependency;
			target = 1D6058900D05DD3D006BFB54 /* GreenAddress */;
			targetProxy = 9EE39110195E362E00946C17 /* PBXContainerItemProxy */;
		};
		9EE39113195E364200946C17 /* PBXTargetDependency */ = {
			isa = PBXTargetDependency;
			target = 1D6058900D05DD3D006BFB54 /* GreenAddress */;
			targetProxy = 9EE39112195E364200946C17 /* PBXContainerItemProxy */;
		};
/* End PBXTargetDependency section */

/* Begin PBXVariantGroup section */
		1F766FDC13BBADB100FB74C0 /* Localizable.strings */ = {
			isa = PBXVariantGroup;
			children = (
				1F766FDD13BBADB100FB74C0 /* en */,
			);
			name = Localizable.strings;
			sourceTree = "<group>";
		};
		1F766FDF13BBADB100FB74C0 /* Localizable.strings */ = {
			isa = PBXVariantGroup;
			children = (
				1F766FE013BBADB100FB74C0 /* es */,
			);
			name = Localizable.strings;
			sourceTree = "<group>";
		};
		30A0434314DC770100060A13 /* Localizable.strings */ = {
			isa = PBXVariantGroup;
			children = (
				30A0434414DC770100060A13 /* de */,
			);
			name = Localizable.strings;
			sourceTree = "<group>";
		};
		30A0434614DC770100060A13 /* Localizable.strings */ = {
			isa = PBXVariantGroup;
			children = (
				30A0434714DC770100060A13 /* se */,
			);
			name = Localizable.strings;
			sourceTree = "<group>";
		};
		9E93E017195CE22700494A83 /* InfoPlist.strings */ = {
			isa = PBXVariantGroup;
			children = (
				9E93E018195CE22700494A83 /* en */,
			);
			name = InfoPlist.strings;
			sourceTree = "<group>";
		};
/* End PBXVariantGroup section */

/* Begin XCBuildConfiguration section */
		1D6058940D05DD3E006BFB54 /* Debug */ = {
			isa = XCBuildConfiguration;
			buildSettings = {
				ALWAYS_SEARCH_USER_PATHS = NO;
				CLANG_ENABLE_OBJC_ARC = YES;
				COPY_PHASE_STRIP = NO;
				FRAMEWORK_SEARCH_PATHS = (
					"$(inherited)",
					GreenAddress/Plugins/it.greenaddress.cordova,
					GreenAddress/Plugins/it.greenaddress.cordova,
					GreenAddress/Plugins/it.greenaddress.cordova,
					GreenAddress/Plugins/it.greenaddress.cordova,
					GreenAddress/Plugins/it.greenaddress.cordova,
					"$(PROJECT_DIR)/GreenAddress/Plugins/it.greenaddress.cordova",
					"\"GreenAddress/Plugins/com.phonegap.plugins.facebookconnect\"",
					"\"GreenAddress/Plugins/com.phonegap.plugins.facebookconnect\"",
				);
				GCC_DYNAMIC_NO_PIC = NO;
				GCC_OPTIMIZATION_LEVEL = 0;
				GCC_PRECOMPILE_PREFIX_HEADER = YES;
				GCC_PREFIX_HEADER = "GreenAddress/GreenAddress-Prefix.pch";
				GCC_THUMB_SUPPORT = NO;
				GCC_VERSION = "";
				INFOPLIST_FILE = "GreenAddress/GreenAddress-Info.plist";
				IPHONEOS_DEPLOYMENT_TARGET = 6.0;
				LIBRARY_SEARCH_PATHS = "$(inherited)";
				OTHER_LDFLAGS = (
					"-weak_framework",
					CoreFoundation,
					"-weak_framework",
					UIKit,
					"-weak_framework",
					AVFoundation,
					"-weak_framework",
					CoreMedia,
					"-weak-lSystem",
					"-force_load",
					"\"$(BUILT_PRODUCTS_DIR)/libCordova.a\"",
					"-ObjC",
				);
				PRODUCT_NAME = GreenAddress;
				TARGETED_DEVICE_FAMILY = "1,2";
			};
			name = Debug;
		};
		1D6058950D05DD3E006BFB54 /* Release */ = {
			isa = XCBuildConfiguration;
			buildSettings = {
				ALWAYS_SEARCH_USER_PATHS = NO;
				CLANG_ENABLE_OBJC_ARC = YES;
				COPY_PHASE_STRIP = YES;
				FRAMEWORK_SEARCH_PATHS = (
					"$(inherited)",
					GreenAddress/Plugins/it.greenaddress.cordova,
					GreenAddress/Plugins/it.greenaddress.cordova,
					GreenAddress/Plugins/it.greenaddress.cordova,
					GreenAddress/Plugins/it.greenaddress.cordova,
					GreenAddress/Plugins/it.greenaddress.cordova,
					"$(PROJECT_DIR)/GreenAddress/Plugins/it.greenaddress.cordova",
					"\"GreenAddress/Plugins/com.phonegap.plugins.facebookconnect\"",
					"\"GreenAddress/Plugins/com.phonegap.plugins.facebookconnect\"",
				);
				GCC_PRECOMPILE_PREFIX_HEADER = YES;
				GCC_PREFIX_HEADER = "GreenAddress/GreenAddress-Prefix.pch";
				GCC_THUMB_SUPPORT = NO;
				GCC_VERSION = "";
				INFOPLIST_FILE = "GreenAddress/GreenAddress-Info.plist";
				IPHONEOS_DEPLOYMENT_TARGET = 6.0;
				LIBRARY_SEARCH_PATHS = "$(inherited)";
				OTHER_LDFLAGS = (
					"-weak_framework",
					CoreFoundation,
					"-weak_framework",
					UIKit,
					"-weak_framework",
					AVFoundation,
					"-weak_framework",
					CoreMedia,
					"-weak-lSystem",
					"-force_load",
					"\"$(BUILT_PRODUCTS_DIR)/libCordova.a\"",
					"-ObjC",
				);
				PRODUCT_NAME = GreenAddress;
				TARGETED_DEVICE_FAMILY = "1,2";
			};
			name = Release;
		};
		9E93E020195CE22700494A83 /* Debug */ = {
			isa = XCBuildConfiguration;
			buildSettings = {
				ALWAYS_SEARCH_USER_PATHS = NO;
				CLANG_CXX_LANGUAGE_STANDARD = "gnu++0x";
				CLANG_CXX_LIBRARY = "libc++";
				CLANG_ENABLE_MODULES = YES;
				CLANG_WARN_DIRECT_OBJC_ISA_USAGE = YES_ERROR;
				CLANG_WARN_OBJC_ROOT_CLASS = YES_ERROR;
				COPY_PHASE_STRIP = NO;
				FRAMEWORK_SEARCH_PATHS = (
					"$(SDKROOT)/Developer/Library/Frameworks",
					"$(inherited)",
					"$(DEVELOPER_FRAMEWORKS_DIR)",
					"$(PROJECT_DIR)/GreenAddress/Plugins/it.greenaddress.cordova",
				);
				GCC_C_LANGUAGE_STANDARD = gnu99;
				GCC_DYNAMIC_NO_PIC = NO;
				GCC_OPTIMIZATION_LEVEL = 0;
				GCC_PRECOMPILE_PREFIX_HEADER = YES;
				GCC_PREFIX_HEADER = "GreenAddress Tests/GreenAddress Tests-Prefix.pch";
				GCC_PREPROCESSOR_DEFINITIONS = (
					"DEBUG=1",
					"$(inherited)",
				);
				GCC_SYMBOLS_PRIVATE_EXTERN = NO;
				GCC_WARN_64_TO_32_BIT_CONVERSION = YES;
				GCC_WARN_ABOUT_RETURN_TYPE = YES_ERROR;
				GCC_WARN_UNINITIALIZED_AUTOS = YES_AGGRESSIVE;
				INFOPLIST_FILE = "GreenAddress Tests/GreenAddress Tests-Info.plist";
				IPHONEOS_DEPLOYMENT_TARGET = 7.1;
				PRODUCT_NAME = "$(TARGET_NAME)";
				WRAPPER_EXTENSION = xctest;
			};
			name = Debug;
		};
		9E93E021195CE22700494A83 /* Release */ = {
			isa = XCBuildConfiguration;
			buildSettings = {
				ALWAYS_SEARCH_USER_PATHS = NO;
				CLANG_CXX_LANGUAGE_STANDARD = "gnu++0x";
				CLANG_CXX_LIBRARY = "libc++";
				CLANG_ENABLE_MODULES = YES;
				CLANG_WARN_DIRECT_OBJC_ISA_USAGE = YES_ERROR;
				CLANG_WARN_OBJC_ROOT_CLASS = YES_ERROR;
				COPY_PHASE_STRIP = YES;
				ENABLE_NS_ASSERTIONS = NO;
				FRAMEWORK_SEARCH_PATHS = (
					"$(SDKROOT)/Developer/Library/Frameworks",
					"$(inherited)",
					"$(DEVELOPER_FRAMEWORKS_DIR)",
					"$(PROJECT_DIR)/GreenAddress/Plugins/it.greenaddress.cordova",
				);
				GCC_C_LANGUAGE_STANDARD = gnu99;
				GCC_PRECOMPILE_PREFIX_HEADER = YES;
				GCC_PREFIX_HEADER = "GreenAddress Tests/GreenAddress Tests-Prefix.pch";
				GCC_WARN_64_TO_32_BIT_CONVERSION = YES;
				GCC_WARN_ABOUT_RETURN_TYPE = YES_ERROR;
				GCC_WARN_UNINITIALIZED_AUTOS = YES_AGGRESSIVE;
				INFOPLIST_FILE = "GreenAddress Tests/GreenAddress Tests-Info.plist";
				IPHONEOS_DEPLOYMENT_TARGET = 7.1;
				PRODUCT_NAME = "$(TARGET_NAME)";
				VALIDATE_PRODUCT = YES;
				WRAPPER_EXTENSION = xctest;
			};
			name = Release;
		};
		C01FCF4F08A954540054247B /* Debug */ = {
			isa = XCBuildConfiguration;
			buildSettings = {
				CLANG_ENABLE_OBJC_ARC = YES;
				CLANG_WARN_BOOL_CONVERSION = YES;
				CLANG_WARN_CONSTANT_CONVERSION = YES;
				CLANG_WARN_EMPTY_BODY = YES;
				CLANG_WARN_ENUM_CONVERSION = YES;
				CLANG_WARN_INT_CONVERSION = YES;
				CLANG_WARN__DUPLICATE_METHOD_MATCH = YES;
				"CODE_SIGN_IDENTITY[sdk=iphoneos*]" = "iPhone Developer";
				GCC_C_LANGUAGE_STANDARD = c99;
				GCC_THUMB_SUPPORT = NO;
				GCC_VERSION = "";
				GCC_WARN_ABOUT_RETURN_TYPE = YES;
				GCC_WARN_UNDECLARED_SELECTOR = YES;
				GCC_WARN_UNINITIALIZED_AUTOS = YES;
				GCC_WARN_UNUSED_FUNCTION = YES;
				GCC_WARN_UNUSED_VARIABLE = YES;
				HEADER_SEARCH_PATHS = (
					"\"$(TARGET_BUILD_DIR)/usr/local/lib/include\"",
					"\"$(OBJROOT)/UninstalledProducts/include\"",
					"\"$(BUILT_PRODUCTS_DIR)\"",
				);
				IPHONEOS_DEPLOYMENT_TARGET = 6.0;
				ONLY_ACTIVE_ARCH = YES;
				OTHER_LDFLAGS = (
					"-weak_framework",
					CoreFoundation,
					"-weak_framework",
					UIKit,
					"-weak_framework",
					AVFoundation,
					"-weak_framework",
					CoreMedia,
					"-weak-lSystem",
					"-force_load",
					"\"$(BUILT_PRODUCTS_DIR)/libCordova.a\"",
					"-ObjC",
				);
				SDKROOT = iphoneos;
				SKIP_INSTALL = NO;
				USER_HEADER_SEARCH_PATHS = "";
			};
			name = Debug;
		};
		C01FCF5008A954540054247B /* Release */ = {
			isa = XCBuildConfiguration;
			buildSettings = {
				CLANG_ENABLE_OBJC_ARC = YES;
				CLANG_WARN_BOOL_CONVERSION = YES;
				CLANG_WARN_CONSTANT_CONVERSION = YES;
				CLANG_WARN_EMPTY_BODY = YES;
				CLANG_WARN_ENUM_CONVERSION = YES;
				CLANG_WARN_INT_CONVERSION = YES;
				CLANG_WARN__DUPLICATE_METHOD_MATCH = YES;
				"CODE_SIGN_IDENTITY[sdk=iphoneos*]" = "iPhone Developer";
				GCC_C_LANGUAGE_STANDARD = c99;
				GCC_THUMB_SUPPORT = NO;
				GCC_VERSION = "";
				GCC_WARN_ABOUT_RETURN_TYPE = YES;
				GCC_WARN_UNDECLARED_SELECTOR = YES;
				GCC_WARN_UNINITIALIZED_AUTOS = YES;
				GCC_WARN_UNUSED_FUNCTION = YES;
				GCC_WARN_UNUSED_VARIABLE = YES;
				HEADER_SEARCH_PATHS = (
					"\"$(TARGET_BUILD_DIR)/usr/local/lib/include\"",
					"\"$(OBJROOT)/UninstalledProducts/include\"",
					"\"$(BUILT_PRODUCTS_DIR)\"",
				);
				IPHONEOS_DEPLOYMENT_TARGET = 6.0;
				OTHER_LDFLAGS = (
					"-weak_framework",
					CoreFoundation,
					"-weak_framework",
					UIKit,
					"-weak_framework",
					AVFoundation,
					"-weak_framework",
					CoreMedia,
					"-weak-lSystem",
					"-force_load",
					"\"$(BUILT_PRODUCTS_DIR)/libCordova.a\"",
					"-ObjC",
				);
				SDKROOT = iphoneos;
				SKIP_INSTALL = NO;
				USER_HEADER_SEARCH_PATHS = "";
			};
			name = Release;
		};
/* End XCBuildConfiguration section */

/* Begin XCConfigurationList section */
		1D6058960D05DD3E006BFB54 /* Build configuration list for PBXNativeTarget "GreenAddress" */ = {
			isa = XCConfigurationList;
			buildConfigurations = (
				1D6058940D05DD3E006BFB54 /* Debug */,
				1D6058950D05DD3E006BFB54 /* Release */,
			);
			defaultConfigurationIsVisible = 0;
			defaultConfigurationName = Release;
		};
		9E93E01F195CE22700494A83 /* Build configuration list for PBXNativeTarget "GreenAddress Tests" */ = {
			isa = XCConfigurationList;
			buildConfigurations = (
				9E93E020195CE22700494A83 /* Debug */,
				9E93E021195CE22700494A83 /* Release */,
			);
			defaultConfigurationIsVisible = 0;
			defaultConfigurationName = Release;
		};
		C01FCF4E08A954540054247B /* Build configuration list for PBXProject "GreenAddress" */ = {
			isa = XCConfigurationList;
			buildConfigurations = (
				C01FCF4F08A954540054247B /* Debug */,
				C01FCF5008A954540054247B /* Release */,
			);
			defaultConfigurationIsVisible = 0;
			defaultConfigurationName = Release;
		};
/* End XCConfigurationList section */
	};
	rootObject = 29B97313FDCFA39411CA2CEA /* Project object */;
}
